// !$*UTF8*$!
{
	archiveVersion = 1;
	classes = {
	};
	objectVersion = 77;
	objects = {

/* Begin PBXBuildFile section */
		B3926B7D2D1929F5006E4D26 /* TextNotesView.swift in Sources */ = {isa = PBXBuildFile; fileRef = B3926B7C2D1929EB006E4D26 /* TextNotesView.swift */; };
		B3926B7F2D19317E006E4D26 /* Note.swift in Sources */ = {isa = PBXBuildFile; fileRef = B3926B7E2D19317E006E4D26 /* Note.swift */; };
		B3926B812D1931A3006E4D26 /* AddNoteView.swift in Sources */ = {isa = PBXBuildFile; fileRef = B3926B802D19318E006E4D26 /* AddNoteView.swift */; };
		B3926B832D19329E006E4D26 /* TrashView.swift in Sources */ = {isa = PBXBuildFile; fileRef = B3926B822D19329B006E4D26 /* TrashView.swift */; };
		B3926B852D19332E006E4D26 /* StickyNoteView.swift in Sources */ = {isa = PBXBuildFile; fileRef = B3926B842D19332E006E4D26 /* StickyNoteView.swift */; };
		B3926B872D1934D7006E4D26 /* EditNotesView.swift in Sources */ = {isa = PBXBuildFile; fileRef = B3926B862D1934D1006E4D26 /* EditNotesView.swift */; };
/* End PBXBuildFile section */

/* Begin PBXContainerItemProxy section */
		B345A1EF2CDEB7AC00FBE434 /* PBXContainerItemProxy */ = {
			isa = PBXContainerItemProxy;
			containerPortal = B345A1D62CDEB7A900FBE434 /* Project object */;
			proxyType = 1;
			remoteGlobalIDString = B345A1DD2CDEB7A900FBE434;
			remoteInfo = Western_Geologist_NoteBook;
		};
		B345A1F92CDEB7AC00FBE434 /* PBXContainerItemProxy */ = {
			isa = PBXContainerItemProxy;
			containerPortal = B345A1D62CDEB7A900FBE434 /* Project object */;
			proxyType = 1;
			remoteGlobalIDString = B345A1DD2CDEB7A900FBE434;
			remoteInfo = Western_Geologist_NoteBook;
		};
/* End PBXContainerItemProxy section */

/* Begin PBXFileReference section */
		B345A1DE2CDEB7A900FBE434 /* Western_Geologist_NoteBook.app */ = {isa = PBXFileReference; explicitFileType = wrapper.application; includeInIndex = 0; path = Western_Geologist_NoteBook.app; sourceTree = BUILT_PRODUCTS_DIR; };
		B345A1EE2CDEB7AC00FBE434 /* Western_Geologist_NoteBookTests.xctest */ = {isa = PBXFileReference; explicitFileType = wrapper.cfbundle; includeInIndex = 0; path = Western_Geologist_NoteBookTests.xctest; sourceTree = BUILT_PRODUCTS_DIR; };
		B345A1F82CDEB7AC00FBE434 /* Western_Geologist_NoteBookUITests.xctest */ = {isa = PBXFileReference; explicitFileType = wrapper.cfbundle; includeInIndex = 0; path = Western_Geologist_NoteBookUITests.xctest; sourceTree = BUILT_PRODUCTS_DIR; };
		B3926B792D192906006E4D26 /* Western_Geologist_NoteBook.xcodeproj */ = {isa = PBXFileReference; lastKnownFileType = "wrapper.pb-project"; path = Western_Geologist_NoteBook.xcodeproj; sourceTree = SOURCE_ROOT; };
		B3926B7C2D1929EB006E4D26 /* TextNotesView.swift */ = {isa = PBXFileReference; lastKnownFileType = sourcecode.swift; path = TextNotesView.swift; sourceTree = "<group>"; };
		B3926B7E2D19317E006E4D26 /* Note.swift */ = {isa = PBXFileReference; lastKnownFileType = sourcecode.swift; path = Note.swift; sourceTree = "<group>"; };
		B3926B802D19318E006E4D26 /* AddNoteView.swift */ = {isa = PBXFileReference; lastKnownFileType = sourcecode.swift; path = AddNoteView.swift; sourceTree = "<group>"; };
		B3926B822D19329B006E4D26 /* TrashView.swift */ = {isa = PBXFileReference; lastKnownFileType = sourcecode.swift; path = TrashView.swift; sourceTree = "<group>"; };
		B3926B842D19332E006E4D26 /* StickyNoteView.swift */ = {isa = PBXFileReference; lastKnownFileType = sourcecode.swift; path = StickyNoteView.swift; sourceTree = "<group>"; };
		B3926B862D1934D1006E4D26 /* EditNotesView.swift */ = {isa = PBXFileReference; lastKnownFileType = sourcecode.swift; path = EditNotesView.swift; sourceTree = "<group>"; };
/* End PBXFileReference section */

/* Begin PBXFileSystemSynchronizedRootGroup section */
		B345A1E02CDEB7A900FBE434 /* Western_Geologist_NoteBook */ = {
			isa = PBXFileSystemSynchronizedRootGroup;
			path = Western_Geologist_NoteBook;
			sourceTree = "<group>";
		};
		B345A1F12CDEB7AC00FBE434 /* Western_Geologist_NoteBookTests */ = {
			isa = PBXFileSystemSynchronizedRootGroup;
			path = Western_Geologist_NoteBookTests;
			sourceTree = "<group>";
		};
		B345A1FB2CDEB7AC00FBE434 /* Western_Geologist_NoteBookUITests */ = {
			isa = PBXFileSystemSynchronizedRootGroup;
			path = Western_Geologist_NoteBookUITests;
			sourceTree = "<group>";
		};
/* End PBXFileSystemSynchronizedRootGroup section */

/* Begin PBXFrameworksBuildPhase section */
		B345A1DB2CDEB7A900FBE434 /* Frameworks */ = {
			isa = PBXFrameworksBuildPhase;
			buildActionMask = 2147483647;
			files = (
			);
			runOnlyForDeploymentPostprocessing = 0;
		};
		B345A1EB2CDEB7AC00FBE434 /* Frameworks */ = {
			isa = PBXFrameworksBuildPhase;
			buildActionMask = 2147483647;
			files = (
			);
			runOnlyForDeploymentPostprocessing = 0;
		};
		B345A1F52CDEB7AC00FBE434 /* Frameworks */ = {
			isa = PBXFrameworksBuildPhase;
			buildActionMask = 2147483647;
			files = (
			);
			runOnlyForDeploymentPostprocessing = 0;
		};
/* End PBXFrameworksBuildPhase section */

/* Begin PBXGroup section */
		B345A1D52CDEB7A900FBE434 = {
			isa = PBXGroup;
			children = (
				B3926B842D19332E006E4D26 /* StickyNoteView.swift */,
				B3926B7E2D19317E006E4D26 /* Note.swift */,
				B3926B802D19318E006E4D26 /* AddNoteView.swift */,
				B3926B822D19329B006E4D26 /* TrashView.swift */,
				B3926B792D192906006E4D26 /* Western_Geologist_NoteBook.xcodeproj */,
				B345A1E02CDEB7A900FBE434 /* Western_Geologist_NoteBook */,
				B345A1F12CDEB7AC00FBE434 /* Western_Geologist_NoteBookTests */,
				B345A1FB2CDEB7AC00FBE434 /* Western_Geologist_NoteBookUITests */,
				B345A1DF2CDEB7A900FBE434 /* Products */,
				B3926B7C2D1929EB006E4D26 /* TextNotesView.swift */,
				B3926B862D1934D1006E4D26 /* EditNotesView.swift */,
			);
			sourceTree = "<group>";
		};
		B345A1DF2CDEB7A900FBE434 /* Products */ = {
			isa = PBXGroup;
			children = (
				B345A1DE2CDEB7A900FBE434 /* Western_Geologist_NoteBook.app */,
				B345A1EE2CDEB7AC00FBE434 /* Western_Geologist_NoteBookTests.xctest */,
				B345A1F82CDEB7AC00FBE434 /* Western_Geologist_NoteBookUITests.xctest */,
			);
			name = Products;
			sourceTree = "<group>";
		};
		B3E2D3132D1F2F8A00D0FF42 /* Products */ = {
			isa = PBXGroup;
			name = Products;
			sourceTree = "<group>";
		};
/* End PBXGroup section */

/* Begin PBXNativeTarget section */
		B345A1DD2CDEB7A900FBE434 /* Western_Geologist_NoteBook */ = {
			isa = PBXNativeTarget;
			buildConfigurationList = B345A2022CDEB7AC00FBE434 /* Build configuration list for PBXNativeTarget "Western_Geologist_NoteBook" */;
			buildPhases = (
				B345A1DA2CDEB7A900FBE434 /* Sources */,
				B345A1DB2CDEB7A900FBE434 /* Frameworks */,
				B345A1DC2CDEB7A900FBE434 /* Resources */,
			);
			buildRules = (
			);
			dependencies = (
			);
			fileSystemSynchronizedGroups = (
				B345A1E02CDEB7A900FBE434 /* Western_Geologist_NoteBook */,
			);
			name = Western_Geologist_NoteBook;
			packageProductDependencies = (
			);
			productName = Western_Geologist_NoteBook;
			productReference = B345A1DE2CDEB7A900FBE434 /* Western_Geologist_NoteBook.app */;
			productType = "com.apple.product-type.application";
		};
		B345A1ED2CDEB7AC00FBE434 /* Western_Geologist_NoteBookTests */ = {
			isa = PBXNativeTarget;
			buildConfigurationList = B345A2052CDEB7AC00FBE434 /* Build configuration list for PBXNativeTarget "Western_Geologist_NoteBookTests" */;
			buildPhases = (
				B345A1EA2CDEB7AC00FBE434 /* Sources */,
				B345A1EB2CDEB7AC00FBE434 /* Frameworks */,
				B345A1EC2CDEB7AC00FBE434 /* Resources */,
			);
			buildRules = (
			);
			dependencies = (
				B345A1F02CDEB7AC00FBE434 /* PBXTargetDependency */,
			);
			fileSystemSynchronizedGroups = (
				B345A1F12CDEB7AC00FBE434 /* Western_Geologist_NoteBookTests */,
			);
			name = Western_Geologist_NoteBookTests;
			packageProductDependencies = (
			);
			productName = Western_Geologist_NoteBookTests;
			productReference = B345A1EE2CDEB7AC00FBE434 /* Western_Geologist_NoteBookTests.xctest */;
			productType = "com.apple.product-type.bundle.unit-test";
		};
		B345A1F72CDEB7AC00FBE434 /* Western_Geologist_NoteBookUITests */ = {
			isa = PBXNativeTarget;
			buildConfigurationList = B345A2082CDEB7AC00FBE434 /* Build configuration list for PBXNativeTarget "Western_Geologist_NoteBookUITests" */;
			buildPhases = (
				B345A1F42CDEB7AC00FBE434 /* Sources */,
				B345A1F52CDEB7AC00FBE434 /* Frameworks */,
				B345A1F62CDEB7AC00FBE434 /* Resources */,
			);
			buildRules = (
			);
			dependencies = (
				B345A1FA2CDEB7AC00FBE434 /* PBXTargetDependency */,
			);
			fileSystemSynchronizedGroups = (
				B345A1FB2CDEB7AC00FBE434 /* Western_Geologist_NoteBookUITests */,
			);
			name = Western_Geologist_NoteBookUITests;
			packageProductDependencies = (
			);
			productName = Western_Geologist_NoteBookUITests;
			productReference = B345A1F82CDEB7AC00FBE434 /* Western_Geologist_NoteBookUITests.xctest */;
			productType = "com.apple.product-type.bundle.ui-testing";
		};
/* End PBXNativeTarget section */

/* Begin PBXProject section */
		B345A1D62CDEB7A900FBE434 /* Project object */ = {
			isa = PBXProject;
			attributes = {
				BuildIndependentTargetsInParallel = 1;
				LastSwiftUpdateCheck = 1610;
				LastUpgradeCheck = 1610;
				TargetAttributes = {
					B345A1DD2CDEB7A900FBE434 = {
						CreatedOnToolsVersion = 16.1;
					};
					B345A1ED2CDEB7AC00FBE434 = {
						CreatedOnToolsVersion = 16.1;
						TestTargetID = B345A1DD2CDEB7A900FBE434;
					};
					B345A1F72CDEB7AC00FBE434 = {
						CreatedOnToolsVersion = 16.1;
						TestTargetID = B345A1DD2CDEB7A900FBE434;
					};
				};
			};
			buildConfigurationList = B345A1D92CDEB7A900FBE434 /* Build configuration list for PBXProject "Western_Geologist_NoteBook" */;
			developmentRegion = en;
			hasScannedForEncodings = 0;
			knownRegions = (
				en,
				Base,
			);
			mainGroup = B345A1D52CDEB7A900FBE434;
			minimizedProjectReferenceProxies = 1;
			preferredProjectObjectVersion = 77;
			productRefGroup = B345A1DF2CDEB7A900FBE434 /* Products */;
			projectDirPath = "";
			projectReferences = (
				{
					ProductGroup = B3E2D3132D1F2F8A00D0FF42 /* Products */;
					ProjectRef = B3926B792D192906006E4D26 /* Western_Geologist_NoteBook.xcodeproj */;
				},
			);
			projectRoot = "";
			targets = (
				B345A1DD2CDEB7A900FBE434 /* Western_Geologist_NoteBook */,
				B345A1ED2CDEB7AC00FBE434 /* Western_Geologist_NoteBookTests */,
				B345A1F72CDEB7AC00FBE434 /* Western_Geologist_NoteBookUITests */,
			);
		};
/* End PBXProject section */

/* Begin PBXResourcesBuildPhase section */
		B345A1DC2CDEB7A900FBE434 /* Resources */ = {
			isa = PBXResourcesBuildPhase;
			buildActionMask = 2147483647;
			files = (
			);
			runOnlyForDeploymentPostprocessing = 0;
		};
		B345A1EC2CDEB7AC00FBE434 /* Resources */ = {
			isa = PBXResourcesBuildPhase;
			buildActionMask = 2147483647;
			files = (
			);
			runOnlyForDeploymentPostprocessing = 0;
		};
		B345A1F62CDEB7AC00FBE434 /* Resources */ = {
			isa = PBXResourcesBuildPhase;
			buildActionMask = 2147483647;
			files = (
			);
			runOnlyForDeploymentPostprocessing = 0;
		};
/* End PBXResourcesBuildPhase section */

/* Begin PBXSourcesBuildPhase section */
		B345A1DA2CDEB7A900FBE434 /* Sources */ = {
			isa = PBXSourcesBuildPhase;
			buildActionMask = 2147483647;
			files = (
				B3926B852D19332E006E4D26 /* StickyNoteView.swift in Sources */,
				B3926B872D1934D7006E4D26 /* EditNotesView.swift in Sources */,
				B3926B7D2D1929F5006E4D26 /* TextNotesView.swift in Sources */,
				B3926B7F2D19317E006E4D26 /* Note.swift in Sources */,
				B3926B812D1931A3006E4D26 /* AddNoteView.swift in Sources */,
				B3926B832D19329E006E4D26 /* TrashView.swift in Sources */,
			);
			runOnlyForDeploymentPostprocessing = 0;
		};
		B345A1EA2CDEB7AC00FBE434 /* Sources */ = {
			isa = PBXSourcesBuildPhase;
			buildActionMask = 2147483647;
			files = (
			);
			runOnlyForDeploymentPostprocessing = 0;
		};
		B345A1F42CDEB7AC00FBE434 /* Sources */ = {
			isa = PBXSourcesBuildPhase;
			buildActionMask = 2147483647;
			files = (
			);
			runOnlyForDeploymentPostprocessing = 0;
		};
/* End PBXSourcesBuildPhase section */

/* Begin PBXTargetDependency section */
		B345A1F02CDEB7AC00FBE434 /* PBXTargetDependency */ = {
			isa = PBXTargetDependency;
			target = B345A1DD2CDEB7A900FBE434 /* Western_Geologist_NoteBook */;
			targetProxy = B345A1EF2CDEB7AC00FBE434 /* PBXContainerItemProxy */;
		};
		B345A1FA2CDEB7AC00FBE434 /* PBXTargetDependency */ = {
			isa = PBXTargetDependency;
			target = B345A1DD2CDEB7A900FBE434 /* Western_Geologist_NoteBook */;
			targetProxy = B345A1F92CDEB7AC00FBE434 /* PBXContainerItemProxy */;
		};
/* End PBXTargetDependency section */

/* Begin XCBuildConfiguration section */
		B345A2002CDEB7AC00FBE434 /* Debug */ = {
			isa = XCBuildConfiguration;
			buildSettings = {
				ALWAYS_SEARCH_USER_PATHS = NO;
				ASSETCATALOG_COMPILER_GENERATE_SWIFT_ASSET_SYMBOL_EXTENSIONS = YES;
				CLANG_ANALYZER_NONNULL = YES;
				CLANG_ANALYZER_NUMBER_OBJECT_CONVERSION = YES_AGGRESSIVE;
				CLANG_CXX_LANGUAGE_STANDARD = "gnu++20";
				CLANG_ENABLE_MODULES = YES;
				CLANG_ENABLE_OBJC_ARC = YES;
				CLANG_ENABLE_OBJC_WEAK = YES;
				CLANG_WARN_BLOCK_CAPTURE_AUTORELEASING = YES;
				CLANG_WARN_BOOL_CONVERSION = YES;
				CLANG_WARN_COMMA = YES;
				CLANG_WARN_CONSTANT_CONVERSION = YES;
				CLANG_WARN_DEPRECATED_OBJC_IMPLEMENTATIONS = YES;
				CLANG_WARN_DIRECT_OBJC_ISA_USAGE = YES_ERROR;
				CLANG_WARN_DOCUMENTATION_COMMENTS = YES;
				CLANG_WARN_EMPTY_BODY = YES;
				CLANG_WARN_ENUM_CONVERSION = YES;
				CLANG_WARN_INFINITE_RECURSION = YES;
				CLANG_WARN_INT_CONVERSION = YES;
				CLANG_WARN_NON_LITERAL_NULL_CONVERSION = YES;
				CLANG_WARN_OBJC_IMPLICIT_RETAIN_SELF = YES;
				CLANG_WARN_OBJC_LITERAL_CONVERSION = YES;
				CLANG_WARN_OBJC_ROOT_CLASS = YES_ERROR;
				CLANG_WARN_QUOTED_INCLUDE_IN_FRAMEWORK_HEADER = YES;
				CLANG_WARN_RANGE_LOOP_ANALYSIS = YES;
				CLANG_WARN_STRICT_PROTOTYPES = YES;
				CLANG_WARN_SUSPICIOUS_MOVE = YES;
				CLANG_WARN_UNGUARDED_AVAILABILITY = YES_AGGRESSIVE;
				CLANG_WARN_UNREACHABLE_CODE = YES;
				CLANG_WARN__DUPLICATE_METHOD_MATCH = YES;
				COPY_PHASE_STRIP = NO;
				DEBUG_INFORMATION_FORMAT = dwarf;
				ENABLE_STRICT_OBJC_MSGSEND = YES;
				ENABLE_TESTABILITY = YES;
				ENABLE_USER_SCRIPT_SANDBOXING = YES;
				GCC_C_LANGUAGE_STANDARD = gnu17;
				GCC_DYNAMIC_NO_PIC = NO;
				GCC_NO_COMMON_BLOCKS = YES;
				GCC_OPTIMIZATION_LEVEL = 0;
				GCC_PREPROCESSOR_DEFINITIONS = (
					"DEBUG=1",
					"$(inherited)",
				);
				GCC_WARN_64_TO_32_BIT_CONVERSION = YES;
				GCC_WARN_ABOUT_RETURN_TYPE = YES_ERROR;
				GCC_WARN_UNDECLARED_SELECTOR = YES;
				GCC_WARN_UNINITIALIZED_AUTOS = YES_AGGRESSIVE;
				GCC_WARN_UNUSED_FUNCTION = YES;
				GCC_WARN_UNUSED_VARIABLE = YES;
				IPHONEOS_DEPLOYMENT_TARGET = 18.1;
				LOCALIZATION_PREFERS_STRING_CATALOGS = YES;
				MTL_ENABLE_DEBUG_INFO = INCLUDE_SOURCE;
				MTL_FAST_MATH = YES;
				ONLY_ACTIVE_ARCH = YES;
				SDKROOT = iphoneos;
				SWIFT_ACTIVE_COMPILATION_CONDITIONS = "DEBUG $(inherited)";
				SWIFT_OPTIMIZATION_LEVEL = "-Onone";
			};
			name = Debug;
		};
		B345A2012CDEB7AC00FBE434 /* Release */ = {
			isa = XCBuildConfiguration;
			buildSettings = {
				ALWAYS_SEARCH_USER_PATHS = NO;
				ASSETCATALOG_COMPILER_GENERATE_SWIFT_ASSET_SYMBOL_EXTENSIONS = YES;
				CLANG_ANALYZER_NONNULL = YES;
				CLANG_ANALYZER_NUMBER_OBJECT_CONVERSION = YES_AGGRESSIVE;
				CLANG_CXX_LANGUAGE_STANDARD = "gnu++20";
				CLANG_ENABLE_MODULES = YES;
				CLANG_ENABLE_OBJC_ARC = YES;
				CLANG_ENABLE_OBJC_WEAK = YES;
				CLANG_WARN_BLOCK_CAPTURE_AUTORELEASING = YES;
				CLANG_WARN_BOOL_CONVERSION = YES;
				CLANG_WARN_COMMA = YES;
				CLANG_WARN_CONSTANT_CONVERSION = YES;
				CLANG_WARN_DEPRECATED_OBJC_IMPLEMENTATIONS = YES;
				CLANG_WARN_DIRECT_OBJC_ISA_USAGE = YES_ERROR;
				CLANG_WARN_DOCUMENTATION_COMMENTS = YES;
				CLANG_WARN_EMPTY_BODY = YES;
				CLANG_WARN_ENUM_CONVERSION = YES;
				CLANG_WARN_INFINITE_RECURSION = YES;
				CLANG_WARN_INT_CONVERSION = YES;
				CLANG_WARN_NON_LITERAL_NULL_CONVERSION = YES;
				CLANG_WARN_OBJC_IMPLICIT_RETAIN_SELF = YES;
				CLANG_WARN_OBJC_LITERAL_CONVERSION = YES;
				CLANG_WARN_OBJC_ROOT_CLASS = YES_ERROR;
				CLANG_WARN_QUOTED_INCLUDE_IN_FRAMEWORK_HEADER = YES;
				CLANG_WARN_RANGE_LOOP_ANALYSIS = YES;
				CLANG_WARN_STRICT_PROTOTYPES = YES;
				CLANG_WARN_SUSPICIOUS_MOVE = YES;
				CLANG_WARN_UNGUARDED_AVAILABILITY = YES_AGGRESSIVE;
				CLANG_WARN_UNREACHABLE_CODE = YES;
				CLANG_WARN__DUPLICATE_METHOD_MATCH = YES;
				COPY_PHASE_STRIP = NO;
				DEBUG_INFORMATION_FORMAT = "dwarf-with-dsym";
				ENABLE_NS_ASSERTIONS = NO;
				ENABLE_STRICT_OBJC_MSGSEND = YES;
				ENABLE_USER_SCRIPT_SANDBOXING = YES;
				GCC_C_LANGUAGE_STANDARD = gnu17;
				GCC_NO_COMMON_BLOCKS = YES;
				GCC_WARN_64_TO_32_BIT_CONVERSION = YES;
				GCC_WARN_ABOUT_RETURN_TYPE = YES_ERROR;
				GCC_WARN_UNDECLARED_SELECTOR = YES;
				GCC_WARN_UNINITIALIZED_AUTOS = YES_AGGRESSIVE;
				GCC_WARN_UNUSED_FUNCTION = YES;
				GCC_WARN_UNUSED_VARIABLE = YES;
				IPHONEOS_DEPLOYMENT_TARGET = 18.1;
				LOCALIZATION_PREFERS_STRING_CATALOGS = YES;
				MTL_ENABLE_DEBUG_INFO = NO;
				MTL_FAST_MATH = YES;
				SDKROOT = iphoneos;
				SWIFT_COMPILATION_MODE = wholemodule;
				VALIDATE_PRODUCT = YES;
			};
			name = Release;
		};
		B345A2032CDEB7AC00FBE434 /* Debug */ = {
			isa = XCBuildConfiguration;
			buildSettings = {
				ASSETCATALOG_COMPILER_APPICON_NAME = AppIcon;
				ASSETCATALOG_COMPILER_GLOBAL_ACCENT_COLOR_NAME = AccentColor;
				CODE_SIGN_STYLE = Automatic;
				CURRENT_PROJECT_VERSION = 1;
				DEVELOPMENT_ASSET_PATHS = "\"Western_Geologist_NoteBook/Preview Content\"";
				ENABLE_PREVIEWS = YES;
				GENERATE_INFOPLIST_FILE = YES;
				INFOPLIST_KEY_UIApplicationSceneManifest_Generation = YES;
				INFOPLIST_KEY_UIApplicationSupportsIndirectInputEvents = YES;
				INFOPLIST_KEY_UILaunchScreen_Generation = YES;
				INFOPLIST_KEY_UISupportedInterfaceOrientations_iPad = "UIInterfaceOrientationPortrait UIInterfaceOrientationPortraitUpsideDown UIInterfaceOrientationLandscapeLeft UIInterfaceOrientationLandscapeRight";
				INFOPLIST_KEY_UISupportedInterfaceOrientations_iPhone = "UIInterfaceOrientationPortrait UIInterfaceOrientationLandscapeLeft UIInterfaceOrientationLandscapeRight";
				LD_RUNPATH_SEARCH_PATHS = (
					"$(inherited)",
					"@executable_path/Frameworks",
				);
				MARKETING_VERSION = 1.0;
				PRODUCT_BUNDLE_IDENTIFIER = "Western-Univserity.Western-Geologist-NoteBook";
				PRODUCT_NAME = "$(TARGET_NAME)";
				SWIFT_EMIT_LOC_STRINGS = YES;
				SWIFT_VERSION = 5.0;
				TARGETED_DEVICE_FAMILY = "1,2";
			};
			name = Debug;
		};
		B345A2042CDEB7AC00FBE434 /* Release */ = {
			isa = XCBuildConfiguration;
			buildSettings = {
				ASSETCATALOG_COMPILER_APPICON_NAME = AppIcon;
				ASSETCATALOG_COMPILER_GLOBAL_ACCENT_COLOR_NAME = AccentColor;
				CODE_SIGN_STYLE = Automatic;
				CURRENT_PROJECT_VERSION = 1;
				DEVELOPMENT_ASSET_PATHS = "\"Western_Geologist_NoteBook/Preview Content\"";
				ENABLE_PREVIEWS = YES;
				GENERATE_INFOPLIST_FILE = YES;
				INFOPLIST_KEY_UIApplicationSceneManifest_Generation = YES;
				INFOPLIST_KEY_UIApplicationSupportsIndirectInputEvents = YES;
				INFOPLIST_KEY_UILaunchScreen_Generation = YES;
				INFOPLIST_KEY_UISupportedInterfaceOrientations_iPad = "UIInterfaceOrientationPortrait UIInterfaceOrientationPortraitUpsideDown UIInterfaceOrientationLandscapeLeft UIInterfaceOrientationLandscapeRight";
				INFOPLIST_KEY_UISupportedInterfaceOrientations_iPhone = "UIInterfaceOrientationPortrait UIInterfaceOrientationLandscapeLeft UIInterfaceOrientationLandscapeRight";
				LD_RUNPATH_SEARCH_PATHS = (
					"$(inherited)",
					"@executable_path/Frameworks",
				);
				MARKETING_VERSION = 1.0;
				PRODUCT_BUNDLE_IDENTIFIER = "Western-Univserity.Western-Geologist-NoteBook";
				PRODUCT_NAME = "$(TARGET_NAME)";
				SWIFT_EMIT_LOC_STRINGS = YES;
				SWIFT_VERSION = 5.0;
				TARGETED_DEVICE_FAMILY = "1,2";
			};
			name = Release;
		};
		B345A2062CDEB7AC00FBE434 /* Debug */ = {
			isa = XCBuildConfiguration;
			buildSettings = {
				BUNDLE_LOADER = "$(TEST_HOST)";
				CODE_SIGN_STYLE = Automatic;
				CURRENT_PROJECT_VERSION = 1;
				GENERATE_INFOPLIST_FILE = YES;
				IPHONEOS_DEPLOYMENT_TARGET = 18.1;
				MARKETING_VERSION = 1.0;
				PRODUCT_BUNDLE_IDENTIFIER = "Western-Univserity.Western-Geologist-NoteBookTests";
				PRODUCT_NAME = "$(TARGET_NAME)";
				SWIFT_EMIT_LOC_STRINGS = NO;
				SWIFT_VERSION = 5.0;
				TARGETED_DEVICE_FAMILY = "1,2";
				TEST_HOST = "$(BUILT_PRODUCTS_DIR)/Western_Geologist_NoteBook.app/$(BUNDLE_EXECUTABLE_FOLDER_PATH)/Western_Geologist_NoteBook";
			};
			name = Debug;
		};
		B345A2072CDEB7AC00FBE434 /* Release */ = {
			isa = XCBuildConfiguration;
			buildSettings = {
				BUNDLE_LOADER = "$(TEST_HOST)";
				CODE_SIGN_STYLE = Automatic;
				CURRENT_PROJECT_VERSION = 1;
				GENERATE_INFOPLIST_FILE = YES;
				IPHONEOS_DEPLOYMENT_TARGET = 18.1;
				MARKETING_VERSION = 1.0;
				PRODUCT_BUNDLE_IDENTIFIER = "Western-Univserity.Western-Geologist-NoteBookTests";
				PRODUCT_NAME = "$(TARGET_NAME)";
				SWIFT_EMIT_LOC_STRINGS = NO;
				SWIFT_VERSION = 5.0;
				TARGETED_DEVICE_FAMILY = "1,2";
				TEST_HOST = "$(BUILT_PRODUCTS_DIR)/Western_Geologist_NoteBook.app/$(BUNDLE_EXECUTABLE_FOLDER_PATH)/Western_Geologist_NoteBook";
			};
			name = Release;
		};
		B345A2092CDEB7AC00FBE434 /* Debug */ = {
			isa = XCBuildConfiguration;
			buildSettings = {
				CODE_SIGN_STYLE = Automatic;
				CURRENT_PROJECT_VERSION = 1;
				GENERATE_INFOPLIST_FILE = YES;
				MARKETING_VERSION = 1.0;
				PRODUCT_BUNDLE_IDENTIFIER = "Western-Univserity.Western-Geologist-NoteBookUITests";
				PRODUCT_NAME = "$(TARGET_NAME)";
				SWIFT_EMIT_LOC_STRINGS = NO;
				SWIFT_VERSION = 5.0;
				TARGETED_DEVICE_FAMILY = "1,2";
				TEST_TARGET_NAME = Western_Geologist_NoteBook;
			};
			name = Debug;
		};
		B345A20A2CDEB7AC00FBE434 /* Release */ = {
			isa = XCBuildConfiguration;
			buildSettings = {
				CODE_SIGN_STYLE = Automatic;
				CURRENT_PROJECT_VERSION = 1;
				GENERATE_INFOPLIST_FILE = YES;
				MARKETING_VERSION = 1.0;
				PRODUCT_BUNDLE_IDENTIFIER = "Western-Univserity.Western-Geologist-NoteBookUITests";
				PRODUCT_NAME = "$(TARGET_NAME)";
				SWIFT_EMIT_LOC_STRINGS = NO;
				SWIFT_VERSION = 5.0;
				TARGETED_DEVICE_FAMILY = "1,2";
				TEST_TARGET_NAME = Western_Geologist_NoteBook;
			};
			name = Release;
		};
/* End XCBuildConfiguration section */

/* Begin XCConfigurationList section */
		B345A1D92CDEB7A900FBE434 /* Build configuration list for PBXProject "Western_Geologist_NoteBook" */ = {
			isa = XCConfigurationList;
			buildConfigurations = (
				B345A2002CDEB7AC00FBE434 /* Debug */,
				B345A2012CDEB7AC00FBE434 /* Release */,
			);
			defaultConfigurationIsVisible = 0;
			defaultConfigurationName = Release;
		};
		B345A2022CDEB7AC00FBE434 /* Build configuration list for PBXNativeTarget "Western_Geologist_NoteBook" */ = {
			isa = XCConfigurationList;
			buildConfigurations = (
				B345A2032CDEB7AC00FBE434 /* Debug */,
				B345A2042CDEB7AC00FBE434 /* Release */,
			);
			defaultConfigurationIsVisible = 0;
			defaultConfigurationName = Release;
		};
		B345A2052CDEB7AC00FBE434 /* Build configuration list for PBXNativeTarget "Western_Geologist_NoteBookTests" */ = {
			isa = XCConfigurationList;
			buildConfigurations = (
				B345A2062CDEB7AC00FBE434 /* Debug */,
				B345A2072CDEB7AC00FBE434 /* Release */,
			);
			defaultConfigurationIsVisible = 0;
			defaultConfigurationName = Release;
		};
		B345A2082CDEB7AC00FBE434 /* Build configuration list for PBXNativeTarget "Western_Geologist_NoteBookUITests" */ = {
			isa = XCConfigurationList;
			buildConfigurations = (
				B345A2092CDEB7AC00FBE434 /* Debug */,
				B345A20A2CDEB7AC00FBE434 /* Release */,
			);
			defaultConfigurationIsVisible = 0;
			defaultConfigurationName = Release;
		};
/* End XCConfigurationList section */
	};
	rootObject = B345A1D62CDEB7A900FBE434 /* Project object */;
}
